Microsoft Visual Studio Solution File, Format Version 12.00
# Visual Studio Version 17
VisualStudioVersion = 17.5.2.0
MinimumVisualStudioVersion = 10.0.40219.1
Project("{FAE04EC0-301F-11D3-BF4B-00C04F79EFBC}") = "Vehicle Simulation", "Vehicle Simulation.csproj", "{FB261426-7EF7-683E-B8A8-7AD3CEF15665}"
EndProject
Global
	GlobalSection(SolutionConfigurationPlatforms) = preSolution
		Debug|Any CPU = Debug|Any CPU
		Release|Any CPU = Release|Any CPU
	EndGlobalSection
	GlobalSection(ProjectConfigurationPlatforms) = postSolution
		{FB261426-7EF7-683E-B8A8-7AD3CEF15665}.Debug|Any CPU.ActiveCfg = Debug|Any CPU
		{FB261426-7EF7-683E-B8A8-7AD3CEF15665}.Debug|Any CPU.Build.0 = Debug|Any CPU
		{FB261426-7EF7-683E-B8A8-7AD3CEF15665}.Release|Any CPU.ActiveCfg = Release|Any CPU
		{FB261426-7EF7-683E-B8A8-7AD3CEF15665}.Release|Any CPU.Build.0 = Release|Any CPU
	EndGlobalSection
	GlobalSection(SolutionProperties) = preSolution
		HideSolutionNode = FALSE
	EndGlobalSection
	GlobalSection(ExtensibilityGlobals) = postSolution
		SolutionGuid = {0E88AFC4-D7AB-48C8-8970-A07658F6E9F1}
	EndGlobalSection
EndGlobal
