
Microsoft Visual Studio Solution File, Format Version 12.00
# Visual Studio Version 17
VisualStudioVersion = 17.5.002.0
MinimumVisualStudioVersion = 10.0.40219.1
Project("{9A19103F-16F7-4668-BE54-9A1E7A4F7556}") = "problem-4", "problem-4.csproj", "{D515F761-1E4F-499F-A792-27ECBE8D1051}"
EndProject
Global
	GlobalSection(SolutionConfigurationPlatforms) = preSolution
		Debug|Any CPU = Debug|Any CPU
		Release|Any CPU = Release|Any CPU
	EndGlobalSection
	GlobalSection(ProjectConfigurationPlatforms) = postSolution
		{D515F761-1E4F-499F-A792-27ECBE8D1051}.Debug|Any CPU.ActiveCfg = Debug|Any CPU
		{D515F761-1E4F-499F-A792-27ECBE8D1051}.Debug|Any CPU.Build.0 = Debug|Any CPU
		{D515F761-1E4F-499F-A792-27ECBE8D1051}.Release|Any CPU.ActiveCfg = Release|Any CPU
		{D515F761-1E4F-499F-A792-27ECBE8D1051}.Release|Any CPU.Build.0 = Release|Any CPU
	EndGlobalSection
	GlobalSection(SolutionProperties) = preSolution
		HideSolutionNode = FALSE
	EndGlobalSection
	GlobalSection(ExtensibilityGlobals) = postSolution
		SolutionGuid = {FEB48FC2-2963-4441-B4A5-F064AABCDE5E}
	EndGlobalSection
EndGlobal
